
Microsoft Visual Studio Solution File, Format Version 12.00
# Visual Studio Version 17
VisualStudioVersion = 17.14.36603.0 d17.14
MinimumVisualStudioVersion = 10.0.40219.1
Project("{8BC9CEB8-8B4A-11D0-8D11-00A0C91BC942}") = "CGame", "CGame.vcxproj", "{E9544C94-63AE-4055-A958-02932F87F532}"
EndProject
Global
	GlobalSection(SolutionConfigurationPlatforms) = preSolution
		Debug|x64 = Debug|x64
		Release|x64 = Release|x64
	EndGlobalSection
	GlobalSection(ProjectConfigurationPlatforms) = postSolution
		{E9544C94-63AE-4055-A958-02932F87F532}.Debug|x64.ActiveCfg = Debug|x64
		{E9544C94-63AE-4055-A958-02932F87F532}.Debug|x64.Build.0 = Debug|x64
		{E9544C94-63AE-4055-A958-02932F87F532}.Release|x64.ActiveCfg = Release|x64
		{E9544C94-63AE-4055-A958-02932F87F532}.Release|x64.Build.0 = Release|x64
	EndGlobalSection
	GlobalSection(SolutionProperties) = preSolution
		HideSolutionNode = FALSE
	EndGlobalSection
	GlobalSection(ExtensibilityGlobals) = postSolution
		SolutionGuid = {3D12A495-9434-4DDB-A6C4-9060D16E6356}
	EndGlobalSection
EndGlobal
